
Microsoft Visual Studio Solution File, Format Version 12.00
# Visual Studio Version 17
VisualStudioVersion = 17.12.35209.166
MinimumVisualStudioVersion = 10.0.40219.1
Project("{FAE04EC0-301F-11D3-BF4B-00C04F79EFBC}") = "Renamer", "Renamer\Renamer.csproj", "{AB2F2336-50F6-4CE8-873F-B8B4194FC0CF}"
EndProject
Global
	GlobalSection(SolutionConfigurationPlatforms) = preSolution
		Debug|Any CPU = Debug|Any CPU
		Release|Any CPU = Release|Any CPU
	EndGlobalSection
	GlobalSection(ProjectConfigurationPlatforms) = postSolution
		{AB2F2336-50F6-4CE8-873F-B8B4194FC0CF}.Debug|Any CPU.ActiveCfg = Debug|Any CPU
		{AB2F2336-50F6-4CE8-873F-B8B4194FC0CF}.Debug|Any CPU.Build.0 = Debug|Any CPU
		{AB2F2336-50F6-4CE8-873F-B8B4194FC0CF}.Release|Any CPU.ActiveCfg = Release|Any CPU
		{AB2F2336-50F6-4CE8-873F-B8B4194FC0CF}.Release|Any CPU.Build.0 = Release|Any CPU
	EndGlobalSection
	GlobalSection(SolutionProperties) = preSolution
		HideSolutionNode = FALSE
	EndGlobalSection
	GlobalSection(ExtensibilityGlobals) = postSolution
		SolutionGuid = {1695EA5E-0CB5-43CA-9C46-D725F87958C4}
	EndGlobalSection
EndGlobal
